
Microsoft Visual Studio Solution File, Format Version 12.00
# Visual Studio 15
VisualStudioVersion = 15.0.26730.8
MinimumVisualStudioVersion = 10.0.40219.1
Project("{9A19103F-16F7-4668-BE54-9A1E7A4F7556}") = "GrpcServer", "GrpcServer\GrpcServer.csproj", "{AC02EAE6-B9D3-41DC-88A6-3A962BFD4F9A}"
EndProject
Project("{9A19103F-16F7-4668-BE54-9A1E7A4F7556}") = "GrpcClient", "GrpcClient\GrpcClient.csproj", "{DA46AC07-B724-465F-B6A2-B0DD6D351481}"
EndProject
Project("{9A19103F-16F7-4668-BE54-9A1E7A4F7556}") = "JsonServer", "JsonServer\JsonServer.csproj", "{8F5FEF79-F109-4A4A-9FB0-24F6588DF678}"
EndProject
Project("{9A19103F-16F7-4668-BE54-9A1E7A4F7556}") = "JsonClient", "JsonClient\JsonClient.csproj", "{EE2FB360-8F9E-46FA-9201-0D646E402131}"
EndProject
Project("{FAE04EC0-301F-11D3-BF4B-00C04F79EFBC}") = "Shared", "Shared\Shared.csproj", "{D726FA31-E812-49E3-9A37-BB4A3FEA4879}"
EndProject
Global
	GlobalSection(SolutionConfigurationPlatforms) = preSolution
		Debug|Any CPU = Debug|Any CPU
		Release|Any CPU = Release|Any CPU
	EndGlobalSection
	GlobalSection(ProjectConfigurationPlatforms) = postSolution
		{AC02EAE6-B9D3-41DC-88A6-3A962BFD4F9A}.Debug|Any CPU.ActiveCfg = Debug|Any CPU
		{AC02EAE6-B9D3-41DC-88A6-3A962BFD4F9A}.Debug|Any CPU.Build.0 = Debug|Any CPU
		{AC02EAE6-B9D3-41DC-88A6-3A962BFD4F9A}.Release|Any CPU.ActiveCfg = Release|Any CPU
		{AC02EAE6-B9D3-41DC-88A6-3A962BFD4F9A}.Release|Any CPU.Build.0 = Release|Any CPU
		{DA46AC07-B724-465F-B6A2-B0DD6D351481}.Debug|Any CPU.ActiveCfg = Debug|Any CPU
		{DA46AC07-B724-465F-B6A2-B0DD6D351481}.Debug|Any CPU.Build.0 = Debug|Any CPU
		{DA46AC07-B724-465F-B6A2-B0DD6D351481}.Release|Any CPU.ActiveCfg = Release|Any CPU
		{DA46AC07-B724-465F-B6A2-B0DD6D351481}.Release|Any CPU.Build.0 = Release|Any CPU
		{8F5FEF79-F109-4A4A-9FB0-24F6588DF678}.Debug|Any CPU.ActiveCfg = Debug|Any CPU
		{8F5FEF79-F109-4A4A-9FB0-24F6588DF678}.Debug|Any CPU.Build.0 = Debug|Any CPU
		{8F5FEF79-F109-4A4A-9FB0-24F6588DF678}.Release|Any CPU.ActiveCfg = Release|Any CPU
		{8F5FEF79-F109-4A4A-9FB0-24F6588DF678}.Release|Any CPU.Build.0 = Release|Any CPU
		{EE2FB360-8F9E-46FA-9201-0D646E402131}.Debug|Any CPU.ActiveCfg = Debug|Any CPU
		{EE2FB360-8F9E-46FA-9201-0D646E402131}.Debug|Any CPU.Build.0 = Debug|Any CPU
		{EE2FB360-8F9E-46FA-9201-0D646E402131}.Release|Any CPU.ActiveCfg = Release|Any CPU
		{EE2FB360-8F9E-46FA-9201-0D646E402131}.Release|Any CPU.Build.0 = Release|Any CPU
		{D726FA31-E812-49E3-9A37-BB4A3FEA4879}.Debug|Any CPU.ActiveCfg = Debug|Any CPU
		{D726FA31-E812-49E3-9A37-BB4A3FEA4879}.Debug|Any CPU.Build.0 = Debug|Any CPU
		{D726FA31-E812-49E3-9A37-BB4A3FEA4879}.Release|Any CPU.ActiveCfg = Release|Any CPU
		{D726FA31-E812-49E3-9A37-BB4A3FEA4879}.Release|Any CPU.Build.0 = Release|Any CPU
	EndGlobalSection
	GlobalSection(SolutionProperties) = preSolution
		HideSolutionNode = FALSE
	EndGlobalSection
	GlobalSection(ExtensibilityGlobals) = postSolution
		SolutionGuid = {662A4DE0-1BF6-4CC4-BAA7-36065617BC8E}
	EndGlobalSection
EndGlobal
